# THIS IS AN AUTOGENERATED FILE. DO NOT EDIT THIS FILE DIRECTLY.
# yarn lockfile v1


"@emnapi/core@^1.7.1 || ^2.0.0-alpha.3":
  version "1.11.3"
  resolved "https://registry.npmjs.org/@emnapi/core/-/core-1.11.3.tgz"
  integrity sha512-zLpS5asjEb7lq8jYLq37N6XKaE41DIexlY1rF/z4/tIl3wo13Sqm28fRyfIsKZD+NZ8mM5RoKkpW/rBcuoSZSg==
  dependencies:
    "@emnapi/wasi-threads" "1.2.3"
    tslib "^2.4.0"

"@emnapi/runtime@^1.7.1 || ^2.0.0-alpha.3", "@emnapi/runtime@2.0.0-alpha.3":
  version "2.0.0-alpha.3"
  resolved "https://registry.npmjs.org/@emnapi/runtime/-/runtime-2.0.0-alpha.3.tgz"
  integrity sha512-hFPAhMUjJD9BSyCANEISPOogeXC9Zo9ZQl7L6vKnaVsMkCtzznaW/naYypeyl0Gv5rYfWYsZbpixTMpjDJzQeA==
  dependencies:
    tslib "^2.4.0"

"@emnapi/wasi-threads@1.2.3":
  version "1.2.3"
  resolved "https://registry.npmjs.org/@emnapi/wasi-threads/-/wasi-threads-1.2.3.tgz"
  integrity sha512-ELEBe8PsLvvJ6QMr0zLt8ffvOHW/dc1m3CEzNMg7aJUv3bMaoDtw2TXyDAwkYBuroxxuHEwhRTLJSe5sya547g==
  dependencies:
    tslib "^2.4.0"

"@inquirer/ansi@^2.0.7":
  version "2.0.7"
  resolved "https://registry.npmjs.org/@inquirer/ansi/-/ansi-2.0.7.tgz"
  integrity sha512-3eTuUO1vH2cZm2ZKHeQxnOqlTi9EfZDGgIe3BL3I4u+rJHocr9Fz86M4fjYABPvFnQG/gGK551HqDiIcETwU6Q==

"@inquirer/checkbox@^5.2.1":
  version "5.2.1"
  resolved "https://registry.npmjs.org/@inquirer/checkbox/-/checkbox-5.2.1.tgz"
  integrity sha512-b6xmA/VlTe0ZgDQHDui+Nav470u7u49nRd8/iuhOcQPO9Ch7lGuogydhi2VOmNlZ+zXcM8IcPuNSwQcdJaF/kw==
  dependencies:
    "@inquirer/ansi" "^2.0.7"
    "@inquirer/core" "^11.2.1"
    "@inquirer/figures" "^2.0.7"
    "@inquirer/type" "^4.0.7"

"@inquirer/confirm@^6.1.1":
  version "6.1.1"
  resolved "https://registry.npmjs.org/@inquirer/confirm/-/confirm-6.1.1.tgz"
  integrity sha512-eb8DBZcz/2qHWQda4rk2JiQk5h9QV/cVHi1yjt0f69WFZMRFn0sJTye3EAP8icut8UDMjQPsaH5KbcOogefrFQ==
  dependencies:
    "@inquirer/core" "^11.2.1"
    "@inquirer/type" "^4.0.7"

"@inquirer/core@^11.2.1":
  version "11.2.1"
  resolved "https://registry.npmjs.org/@inquirer/core/-/core-11.2.1.tgz"
  integrity sha512-Qd6GJT1yVyrZZCfN8W2qKF5ApmqryXRhRKCuip8h01x2w/esJQ2XIYc6f9abMIHgKQdBfFTSOdbHRLAhuM09UA==
  dependencies:
    "@inquirer/ansi" "^2.0.7"
    "@inquirer/figures" "^2.0.7"
    "@inquirer/type" "^4.0.7"
    cli-width "^4.1.0"
    fast-wrap-ansi "^0.2.0"
    mute-stream "^3.0.0"
    signal-exit "^4.1.0"

"@inquirer/editor@^5.2.2":
  version "5.2.2"
  resolved "https://registry.npmjs.org/@inquirer/editor/-/editor-5.2.2.tgz"
  integrity sha512-ZRVd/oD+sYsUd5zVm0NflqEzlqfYCyHNsqkHl2oWXEUHs12tCbcSFi+wVFEvD8+LGRaMUsVrE7qeo6lSG/S1Vg==
  dependencies:
    "@inquirer/core" "^11.2.1"
    "@inquirer/external-editor" "^3.0.3"
    "@inquirer/type" "^4.0.7"

"@inquirer/expand@^5.1.1":
  version "5.1.1"
  resolved "https://registry.npmjs.org/@inquirer/expand/-/expand-5.1.1.tgz"
  integrity sha512-YmQpenjbFSHAK3sOd44puHh3V1KXXr+JiNpUztoSQ4drLh2rTVzTap/YtlAVu/5xavifIlBfNEzJ/neZJ1a/1g==
  dependencies:
    "@inquirer/core" "^11.2.1"
    "@inquirer/type" "^4.0.7"

"@inquirer/external-editor@^3.0.3":
  version "3.0.3"
  resolved "https://registry.npmjs.org/@inquirer/external-editor/-/external-editor-3.0.3.tgz"
  integrity sha512-6thf5I8q7lZwzGLAxPaaGEREEkZ3nyePPDQ1oyobblxmEE8mqTLguScP7pDjUTAibiyb4hfXl+qjUEJ+di/aNA==
  dependencies:
    chardet "^2.1.1"
    iconv-lite "^0.7.2"

"@inquirer/figures@^2.0.7":
  version "2.0.7"
  resolved "https://registry.npmjs.org/@inquirer/figures/-/figures-2.0.7.tgz"
  integrity sha512-aJ8TBPOGB6f/2qziPfElISTCEd5XOYTFckA2SGjhNmiKzfK/u4ot3v0DUzGVdUnKjN10EqnnEPck36BkyfLnJw==

"@inquirer/input@^5.1.2":
  version "5.1.2"
  resolved "https://registry.npmjs.org/@inquirer/input/-/input-5.1.2.tgz"
  integrity sha512-9K/DDBSQpOyZSkt6sOVP9Vo0TR7atX2kuILsUu0x3wVcVbe97lJwIJKMLdMw25tDYuXl/qp6erT0Xs1rfmcfZg==
  dependencies:
    "@inquirer/core" "^11.2.1"
    "@inquirer/type" "^4.0.7"

"@inquirer/number@^4.1.1":
  version "4.1.1"
  resolved "https://registry.npmjs.org/@inquirer/number/-/number-4.1.1.tgz"
  integrity sha512-XF4IXAbPnGPgw0wsbC/i2tPcyfdZgDpUlhsqU0SfT4IRIGWha6Xm9VRgN5yYxJq+jnyXlfXI/nQ3ulfk0iEICA==
  dependencies:
    "@inquirer/core" "^11.2.1"
    "@inquirer/type" "^4.0.7"

"@inquirer/password@^5.1.1":
  version "5.1.1"
  resolved "https://registry.npmjs.org/@inquirer/password/-/password-5.1.1.tgz"
  integrity sha512-3XBfF7DAsp5qeDsvN5Rd1HmbNokVvEQoUM0QLrRcybC9nX96w3Pbmu7qUsb3IT3J3jBvs2+mTXaKHOUsgHMLzg==
  dependencies:
    "@inquirer/ansi" "^2.0.7"
    "@inquirer/core" "^11.2.1"
    "@inquirer/type" "^4.0.7"

"@inquirer/prompts@^8.5.2":
  version "8.5.2"
  resolved "https://registry.npmjs.org/@inquirer/prompts/-/prompts-8.5.2.tgz"
  integrity sha512-IYR/3C/paEVVQYQvdDlFZVjRCJVYHHON0XXMH91KO9GSxs0TdKYWlUdvfQl2EfAHDxUaN3IBffkE/BDTh5nJ6g==
  dependencies:
    "@inquirer/checkbox" "^5.2.1"
    "@inquirer/confirm" "^6.1.1"
    "@inquirer/editor" "^5.2.2"
    "@inquirer/expand" "^5.1.1"
    "@inquirer/input" "^5.1.2"
    "@inquirer/number" "^4.1.1"
    "@inquirer/password" "^5.1.1"
    "@inquirer/rawlist" "^5.3.1"
    "@inquirer/search" "^4.2.1"
    "@inquirer/select" "^5.2.1"

"@inquirer/rawlist@^5.3.1":
  version "5.3.1"
  resolved "https://registry.npmjs.org/@inquirer/rawlist/-/rawlist-5.3.1.tgz"
  integrity sha512-QqdTqQddL3qPX/PPrjobpsO25NZ4dWXgTLenrR445L2ptLEYE6Z+PD5c5CNDJNx4ugRgELAIpSIJxZaO2jJ2Og==
  dependencies:
    "@inquirer/core" "^11.2.1"
    "@inquirer/type" "^4.0.7"

"@inquirer/search@^4.2.1":
  version "4.2.1"
  resolved "https://registry.npmjs.org/@inquirer/search/-/search-4.2.1.tgz"
  integrity sha512-xJj8QWKRSrfKoBIITLZK61dD3zwo0Rz11fgDImku30/Oe81zMdIdGgrLY2h6RkJ+KZ/GhNYIRMKnH/62qBTA5g==
  dependencies:
    "@inquirer/core" "^11.2.1"
    "@inquirer/figures" "^2.0.7"
    "@inquirer/type" "^4.0.7"

"@inquirer/select@^5.2.1":
  version "5.2.1"
  resolved "https://registry.npmjs.org/@inquirer/select/-/select-5.2.1.tgz"
  integrity sha512-FlDndEUww8m7BfukO2nJa25vhD+H5jxxCv4oGioKqzyWz3nPHhhw4LKdYRSlXuAx7DsdWia7iyaBPKKS95Evfw==
  dependencies:
    "@inquirer/ansi" "^2.0.7"
    "@inquirer/core" "^11.2.1"
    "@inquirer/figures" "^2.0.7"
    "@inquirer/type" "^4.0.7"

"@inquirer/type@^4.0.7":
  version "4.0.7"
  resolved "https://registry.npmjs.org/@inquirer/type/-/type-4.0.7.tgz"
  integrity sha512-t28inv14nMQ1PhKpsJPY+kEs/c00qzeCOS2gTNRyTjG5d6qsVA2fItxW4hkvGZ5lvanGLdtCzVIx5dwdRpN1+g==

"@napi-rs/cli@3.8.2":
  version "3.8.2"
  resolved "https://registry.npmjs.org/@napi-rs/cli/-/cli-3.8.2.tgz"
  integrity sha512-iFmp3Lo/ipXoJI1I/6V/xU4hQV42bXS3A7j8C+Wt3LOtYY7HFCilkhyUkN1igLJFXWMICq95kNxhNcwzNRd+Kw==
  dependencies:
    "@inquirer/prompts" "^8.5.2"
    "@napi-rs/cross-toolchain" "^1.0.3"
    "@napi-rs/wasm-tools" "^1.0.1"
    "@octokit/rest" "^22.0.1"
    clipanion "^4.0.0-rc.4"
    colorette "^2.0.20"
    emnapi "2.0.0-alpha.3"
    es-toolkit "^1.47.0"
    js-yaml "^4.2.0"
    obug "^2.1.2"
    semver "^7.8.2"
    typanion "^3.14.0"
    typescript "^6.0.3"

"@napi-rs/cross-toolchain@^1.0.3":
  version "1.0.3"
  resolved "https://registry.npmjs.org/@napi-rs/cross-toolchain/-/cross-toolchain-1.0.3.tgz"
  integrity sha512-ENPfLe4937bsKVTDA6zdABx4pq9w0tHqRrJHyaGxgaPq03a2Bd1unD5XSKjXJjebsABJ+MjAv1A2OvCgK9yehg==
  dependencies:
    "@napi-rs/lzma" "^1.4.5"
    "@napi-rs/tar" "^1.1.0"
    debug "^4.4.1"

"@napi-rs/lzma-darwin-arm64@1.4.5":
  version "1.4.5"
  resolved "https://registry.npmjs.org/@napi-rs/lzma-darwin-arm64/-/lzma-darwin-arm64-1.4.5.tgz"
  integrity sha512-0Y0TQLQ2xAjVabrMDem1NhIssOZzF/y/dqetc6OT8mD3xMTDtF8u5BqZoX3MyPc9FzpsZw4ksol+w7DsxHrpMA==

"@napi-rs/lzma@^1.4.5":
  version "1.4.5"
  resolved "https://registry.npmjs.org/@napi-rs/lzma/-/lzma-1.4.5.tgz"
  integrity sha512-zS5LuN1OBPAyZpda2ZZgYOEDC+xecUdAGnrvbYzjnLXkrq/OBC3B9qcRvlxbDR3k5H/gVfvef1/jyUqPknqjbg==
  optionalDependencies:
    "@napi-rs/lzma-android-arm-eabi" "1.4.5"
    "@napi-rs/lzma-android-arm64" "1.4.5"
    "@napi-rs/lzma-darwin-arm64" "1.4.5"
    "@napi-rs/lzma-darwin-x64" "1.4.5"
    "@napi-rs/lzma-freebsd-x64" "1.4.5"
    "@napi-rs/lzma-linux-arm-gnueabihf" "1.4.5"
    "@napi-rs/lzma-linux-arm64-gnu" "1.4.5"
    "@napi-rs/lzma-linux-arm64-musl" "1.4.5"
    "@napi-rs/lzma-linux-ppc64-gnu" "1.4.5"
    "@napi-rs/lzma-linux-riscv64-gnu" "1.4.5"
    "@napi-rs/lzma-linux-s390x-gnu" "1.4.5"
    "@napi-rs/lzma-linux-x64-gnu" "1.4.5"
    "@napi-rs/lzma-linux-x64-musl" "1.4.5"
    "@napi-rs/lzma-wasm32-wasi" "1.4.5"
    "@napi-rs/lzma-win32-arm64-msvc" "1.4.5"
    "@napi-rs/lzma-win32-ia32-msvc" "1.4.5"
    "@napi-rs/lzma-win32-x64-msvc" "1.4.5"

"@napi-rs/tar-darwin-arm64@1.1.1":
  version "1.1.1"
  resolved "https://registry.npmjs.org/@napi-rs/tar-darwin-arm64/-/tar-darwin-arm64-1.1.1.tgz"
  integrity sha512-+A42/6ES5G9CQ35BOwzwA+WBjLID28r2jNPgc0dteD2hhClIhng0mva7D2ujUlXBNmgNOsr1LHn3stA4uTf4NQ==

"@napi-rs/tar@^1.1.0":
  version "1.1.1"
  resolved "https://registry.npmjs.org/@napi-rs/tar/-/tar-1.1.1.tgz"
  integrity sha512-p6q2HhUc5vwH1CNwfOcrhLoxfgn8ust8Sqlfx+sA4VzAcp1cMbvbkl99tZZlDqOjCHgQNSiTfk/yWPjl/D42qA==
  optionalDependencies:
    "@napi-rs/tar-android-arm-eabi" "1.1.1"
    "@napi-rs/tar-android-arm64" "1.1.1"
    "@napi-rs/tar-darwin-arm64" "1.1.1"
    "@napi-rs/tar-darwin-x64" "1.1.1"
    "@napi-rs/tar-freebsd-x64" "1.1.1"
    "@napi-rs/tar-linux-arm-gnueabihf" "1.1.1"
    "@napi-rs/tar-linux-arm64-gnu" "1.1.1"
    "@napi-rs/tar-linux-arm64-musl" "1.1.1"
    "@napi-rs/tar-linux-ppc64-gnu" "1.1.1"
    "@napi-rs/tar-linux-s390x-gnu" "1.1.1"
    "@napi-rs/tar-linux-x64-gnu" "1.1.1"
    "@napi-rs/tar-linux-x64-musl" "1.1.1"
    "@napi-rs/tar-wasm32-wasi" "1.1.1"
    "@napi-rs/tar-win32-arm64-msvc" "1.1.1"
    "@napi-rs/tar-win32-ia32-msvc" "1.1.1"
    "@napi-rs/tar-win32-x64-msvc" "1.1.1"

"@napi-rs/wasm-tools-darwin-arm64@1.1.0":
  version "1.1.0"
  resolved "https://registry.npmjs.org/@napi-rs/wasm-tools-darwin-arm64/-/wasm-tools-darwin-arm64-1.1.0.tgz"
  integrity sha512-jfw5vyNDUf6oe0kP8lMveFN9U7cLk1cUosS7uMIfw/xmqmopYfKQ198DAx2g/6aEF7Tm+CqER2gpMpYKui30LA==

"@napi-rs/wasm-tools@^1.0.1":
  version "1.1.0"
  resolved "https://registry.npmjs.org/@napi-rs/wasm-tools/-/wasm-tools-1.1.0.tgz"
  integrity sha512-VjHyKEqXAwYZK+HY7iJctYvRm3TFEbaQxeZwvAG1QRkoo1a39phMY8J6x9tUEqJI03W6MysB8F2jacI6wvcx+w==
  optionalDependencies:
    "@napi-rs/wasm-tools-android-arm-eabi" "1.1.0"
    "@napi-rs/wasm-tools-android-arm64" "1.1.0"
    "@napi-rs/wasm-tools-darwin-arm64" "1.1.0"
    "@napi-rs/wasm-tools-darwin-x64" "1.1.0"
    "@napi-rs/wasm-tools-freebsd-x64" "1.1.0"
    "@napi-rs/wasm-tools-linux-arm64-gnu" "1.1.0"
    "@napi-rs/wasm-tools-linux-arm64-musl" "1.1.0"
    "@napi-rs/wasm-tools-linux-x64-gnu" "1.1.0"
    "@napi-rs/wasm-tools-linux-x64-musl" "1.1.0"
    "@napi-rs/wasm-tools-wasm32-wasi" "1.1.0"
    "@napi-rs/wasm-tools-win32-arm64-msvc" "1.1.0"
    "@napi-rs/wasm-tools-win32-ia32-msvc" "1.1.0"
    "@napi-rs/wasm-tools-win32-x64-msvc" "1.1.0"

"@octokit/auth-token@^6.0.0":
  version "6.0.0"
  resolved "https://registry.npmjs.org/@octokit/auth-token/-/auth-token-6.0.0.tgz"
  integrity sha512-P4YJBPdPSpWTQ1NU4XYdvHvXJJDxM6YwpS0FZHRgP7YFkdVxsWcpWGy/NVqlAA7PcPCnMacXlRm1y2PFZRWL/w==

"@octokit/core@^7.0.6", "@octokit/core@>=6":
  version "7.0.6"
  resolved "https://registry.npmjs.org/@octokit/core/-/core-7.0.6.tgz"
  integrity sha512-DhGl4xMVFGVIyMwswXeyzdL4uXD5OGILGX5N8Y+f6W7LhC1Ze2poSNrkF/fedpVDHEEZ+PHFW0vL14I+mm8K3Q==
  dependencies:
    "@octokit/auth-token" "^6.0.0"
    "@octokit/graphql" "^9.0.3"
    "@octokit/request" "^10.0.6"
    "@octokit/request-error" "^7.0.2"
    "@octokit/types" "^16.0.0"
    before-after-hook "^4.0.0"
    universal-user-agent "^7.0.0"

"@octokit/endpoint@^11.0.3":
  version "11.0.3"
  resolved "https://registry.npmjs.org/@octokit/endpoint/-/endpoint-11.0.3.tgz"
  integrity sha512-FWFlNxghg4HrXkD3ifYbS/IdL/mDHjh9QcsNyhQjN8dplUoZbejsdpmuqdA76nxj2xoWPs7p8uX2SNr9rYu0Ag==
  dependencies:
    "@octokit/types" "^16.0.0"
    universal-user-agent "^7.0.2"

"@octokit/graphql@^9.0.3":
  version "9.0.3"
  resolved "https://registry.npmjs.org/@octokit/graphql/-/graphql-9.0.3.tgz"
  integrity sha512-grAEuupr/C1rALFnXTv6ZQhFuL1D8G5y8CN04RgrO4FIPMrtm+mcZzFG7dcBm+nq+1ppNixu+Jd78aeJOYxlGA==
  dependencies:
    "@octokit/request" "^10.0.6"
    "@octokit/types" "^16.0.0"
    universal-user-agent "^7.0.0"

"@octokit/openapi-types@^27.0.0":
  version "27.0.0"
  resolved "https://registry.npmjs.org/@octokit/openapi-types/-/openapi-types-27.0.0.tgz"
  integrity sha512-whrdktVs1h6gtR+09+QsNk2+FO+49j6ga1c55YZudfEG+oKJVvJLQi3zkOm5JjiUXAagWK2tI2kTGKJ2Ys7MGA==

"@octokit/plugin-paginate-rest@^14.0.0":
  version "14.0.0"
  resolved "https://registry.npmjs.org/@octokit/plugin-paginate-rest/-/plugin-paginate-rest-14.0.0.tgz"
  integrity sha512-fNVRE7ufJiAA3XUrha2omTA39M6IXIc6GIZLvlbsm8QOQCYvpq/LkMNGyFlB1d8hTDzsAXa3OKtybdMAYsV/fw==
  dependencies:
    "@octokit/types" "^16.0.0"

"@octokit/plugin-request-log@^6.0.0":
  version "6.0.0"
  resolved "https://registry.npmjs.org/@octokit/plugin-request-log/-/plugin-request-log-6.0.0.tgz"
  integrity sha512-UkOzeEN3W91/eBq9sPZNQ7sUBvYCqYbrrD8gTbBuGtHEuycE4/awMXcYvx6sVYo7LypPhmQwwpUe4Yyu4QZN5Q==

"@octokit/plugin-rest-endpoint-methods@^17.0.0":
  version "17.0.0"
  resolved "https://registry.npmjs.org/@octokit/plugin-rest-endpoint-methods/-/plugin-rest-endpoint-methods-17.0.0.tgz"
  integrity sha512-B5yCyIlOJFPqUUeiD0cnBJwWJO8lkJs5d8+ze9QDP6SvfiXSz1BF+91+0MeI1d2yxgOhU/O+CvtiZ9jSkHhFAw==
  dependencies:
    "@octokit/types" "^16.0.0"

"@octokit/request-error@^7.0.2":
  version "7.1.0"
  resolved "https://registry.npmjs.org/@octokit/request-error/-/request-error-7.1.0.tgz"
  integrity sha512-KMQIfq5sOPpkQYajXHwnhjCC0slzCNScLHs9JafXc4RAJI+9f+jNDlBNaIMTvazOPLgb4BnlhGJOTbnN0wIjPw==
  dependencies:
    "@octokit/types" "^16.0.0"

"@octokit/request@^10.0.6":
  version "10.0.11"
  resolved "https://registry.npmjs.org/@octokit/request/-/request-10.0.11.tgz"
  integrity sha512-+s7HUxjfFqOMS9VlIwDffq0MikjSAK0gSpG73W+meAvVAvX4MBrHYTK5Bj3Uot55qFT4gzUtfzE4mGWY4Br8/Q==
  dependencies:
    "@octokit/endpoint" "^11.0.3"
    "@octokit/request-error" "^7.0.2"
    "@octokit/types" "^16.0.0"
    content-type "^2.0.0"
    json-with-bigint "^3.5.3"
    universal-user-agent "^7.0.2"

"@octokit/rest@^22.0.1":
  version "22.0.1"
  resolved "https://registry.npmjs.org/@octokit/rest/-/rest-22.0.1.tgz"
  integrity sha512-Jzbhzl3CEexhnivb1iQ0KJ7s5vvjMWcmRtq5aUsKmKDrRW6z3r84ngmiFKFvpZjpiU/9/S6ITPFRpn5s/3uQJw==
  dependencies:
    "@octokit/core" "^7.0.6"
    "@octokit/plugin-paginate-rest" "^14.0.0"
    "@octokit/plugin-request-log" "^6.0.0"
    "@octokit/plugin-rest-endpoint-methods" "^17.0.0"

"@octokit/types@^16.0.0":
  version "16.0.0"
  resolved "https://registry.npmjs.org/@octokit/types/-/types-16.0.0.tgz"
  integrity sha512-sKq+9r1Mm4efXW1FCk7hFSeJo4QKreL/tTbR0rz/qx/r1Oa2VV83LTA/H/MuCOX7uCIJmQVRKBcbmWoySjAnSg==
  dependencies:
    "@octokit/openapi-types" "^27.0.0"

"@tybys/wasm-util@^0.10.3":
  version "0.10.3"
  resolved "https://registry.npmjs.org/@tybys/wasm-util/-/wasm-util-0.10.3.tgz"
  integrity sha512-F3fo1MYrRJYL3zER0OUOmkutjr1Vp23m7OsSgp7nq4SP6OqX6C/56XFIPAl5bt3zaBRjmW7SGz3u/6LwFpYcOg==
  dependencies:
    tslib "^2.4.0"

argparse@^2.0.1:
  version "2.0.1"
  resolved "https://registry.npmjs.org/argparse/-/argparse-2.0.1.tgz"
  integrity sha512-8+9WqebbFzpX9OR+Wa6O29asIogeRMzcGtAINdpMHHyAg10f05aSFVBbcEqGf/PXw1EjAZ+q2/bEBg3DvurK3Q==

before-after-hook@^4.0.0:
  version "4.0.0"
  resolved "https://registry.npmjs.org/before-after-hook/-/before-after-hook-4.0.0.tgz"
  integrity sha512-q6tR3RPqIB1pMiTRMFcZwuG5T8vwp+vUvEG0vuI6B+Rikh5BfPp2fQ82c925FOs+b0lcFQ8CFrL+KbilfZFhOQ==

"blockchain-wallet-tests@file:/Users/matzapata/git/nitrum/nitrum/examples/wallet":
  resolved "file:examples/wallet"
  dependencies:
    nitrum-node "0.2.0"

chardet@^2.1.1:
  version "2.2.0"
  resolved "https://registry.npmjs.org/chardet/-/chardet-2.2.0.tgz"
  integrity sha512-rddelWYNPRrXq6PtNEN2S3f6t9ILzvqaN5pVgi4kqt9jHQaXIial9PznB5iSPVlQSLNaaH22ItWz3EJtQ10+OA==

cli-width@^4.1.0:
  version "4.1.0"
  resolved "https://registry.npmjs.org/cli-width/-/cli-width-4.1.0.tgz"
  integrity sha512-ouuZd4/dm2Sw5Gmqy6bGyNNNe1qt9RpmxveLSO7KcgsTnU7RXfsw+/bukWGo1abgBiMAic068rclZsO4IWmmxQ==

clipanion@^4.0.0-rc.4:
  version "4.0.0-rc.4"
  resolved "https://registry.npmjs.org/clipanion/-/clipanion-4.0.0-rc.4.tgz"
  integrity sha512-CXkMQxU6s9GklO/1f714dkKBMu1lopS1WFF0B8o4AxPykR1hpozxSiUZ5ZUeBjfPgCWqbcNOtZVFhB8Lkfp1+Q==
  dependencies:
    typanion "^3.8.0"

colorette@^2.0.20:
  version "2.0.20"
  resolved "https://registry.npmjs.org/colorette/-/colorette-2.0.20.tgz"
  integrity sha512-IfEDxwoWIjkeXL1eXcDiow4UbKjhLdq6/EuSVR9GMN7KVH3r9gQ83e73hsz1Nd1T3ijd5xv1wcWRYO+D6kCI2w==

content-type@^2.0.0:
  version "2.0.0"
  resolved "https://registry.npmjs.org/content-type/-/content-type-2.0.0.tgz"
  integrity sha512-j/O/d7GcZCyNl7/hwZAb606rzqkyvaDctLmckbxLzHvFBzTJHuGEdodATcP3yIRoDrLHkIATJuvzbFlp/ki2cQ==

debug@^4.4.1:
  version "4.4.3"
  resolved "https://registry.npmjs.org/debug/-/debug-4.4.3.tgz"
  integrity sha512-RGwwWnwQvkVfavKVt22FGLw+xYSdzARwm0ru6DhTVA3umU5hZc28V3kO4stgYryrTlLpuvgI9GiijltAjNbcqA==
  dependencies:
    ms "^2.1.3"

emnapi@2.0.0-alpha.3:
  version "2.0.0-alpha.3"
  resolved "https://registry.npmjs.org/emnapi/-/emnapi-2.0.0-alpha.3.tgz"
  integrity sha512-K9bc9Xx4OwSfhJpdSOpcfIKzn7/6emuubaIorf6I5e7WBAM79665rf6iHr9y50NL4qYMUP/AheTpD1Z4yU1EBw==

es-toolkit@^1.47.0:
  version "1.50.0"
  resolved "https://registry.npmjs.org/es-toolkit/-/es-toolkit-1.50.0.tgz"
  integrity sha512-OyZKhUVvEep9ITEiwHn8GKnMRQIVqoSIX7WnRbkWgJkllCujilqP2rD0u979tkl8wqyc8ICwlc1UBVv/Sl1G6w==

fast-string-truncated-width@^3.0.2:
  version "3.0.3"
  resolved "https://registry.npmjs.org/fast-string-truncated-width/-/fast-string-truncated-width-3.0.3.tgz"
  integrity sha512-0jjjIEL6+0jag3l2XWWizO64/aZVtpiGE3t0Zgqxv0DPuxiMjvB3M24fCyhZUO4KomJQPj3LTSUnDP3GpdwC0g==

fast-string-width@^3.0.2:
  version "3.0.2"
  resolved "https://registry.npmjs.org/fast-string-width/-/fast-string-width-3.0.2.tgz"
  integrity sha512-gX8LrtNEI5hq8DVUfRQMbr5lpaS4nMIWV+7XEbXk2b8kiQIizgnlr12B4dA3ZEx3308ze0O4Q1R+cHts8kyUJg==
  dependencies:
    fast-string-truncated-width "^3.0.2"

fast-wrap-ansi@^0.2.0:
  version "0.2.2"
  resolved "https://registry.npmjs.org/fast-wrap-ansi/-/fast-wrap-ansi-0.2.2.tgz"
  integrity sha512-7F2Fl+TjRSenLqlU3UjSH0iyqopqoZIu7eZVpEirP2g1GtWa2G/ecEmBdgz31+Mxr+ELclgg6sokpSFIQiZ02Q==
  dependencies:
    fast-string-width "^3.0.2"

husky@9.1.7:
  version "9.1.7"
  resolved "https://registry.npmjs.org/husky/-/husky-9.1.7.tgz"
  integrity sha512-5gs5ytaNjBrh5Ow3zrvdUUY+0VxIuWVL4i9irt6friV+BqdCfmV11CQTWMiBYWHbXhco+J1kHfTOUkePhCDvMA==

iconv-lite@^0.7.2:
  version "0.7.3"
  resolved "https://registry.npmjs.org/iconv-lite/-/iconv-lite-0.7.3.tgz"
  integrity sha512-IKXpvIzjnC9XTAUbVBcMfGS0EPaIXtW6v+zr+RRp+hqULEpo0owZax6wyRwPOJbWbzjYspQwusTsfVr0ifh4uQ==
  dependencies:
    safer-buffer ">= 2.1.2 < 3.0.0"

js-yaml@^4.2.0:
  version "4.3.0"
  resolved "https://registry.npmjs.org/js-yaml/-/js-yaml-4.3.0.tgz"
  integrity sha512-1td788aAnnZ5qs7V2QIRl1owjtYpbKt749Y3xauqQgwIIGF/xXWz1wMTEBx5O3LK3lXLVuqXPdPxj2BoFHaW9Q==
  dependencies:
    argparse "^2.0.1"

json-with-bigint@^3.5.3:
  version "3.5.10"
  resolved "https://registry.npmjs.org/json-with-bigint/-/json-with-bigint-3.5.10.tgz"
  integrity sha512-Vcx+JVNEBts/xfcoCS69sKrOhOk/3TVlvlT+XzUOefVKnnrbYSCKpDCm10pohsJFtsJVYnwa/cXRZ4eElzaM6w==

ms@^2.1.3:
  version "2.1.3"
  resolved "https://registry.npmjs.org/ms/-/ms-2.1.3.tgz"
  integrity sha512-6FlzubTLZG3J2a/NVCAleEhjzq5oxgHyaCU9yYXvcLsvoVaHJq/s5xXI6/XXP6tz7R9xAOtHnSO/tXtF3WRTlA==

mute-stream@^3.0.0:
  version "3.0.0"
  resolved "https://registry.npmjs.org/mute-stream/-/mute-stream-3.0.0.tgz"
  integrity sha512-dkEJPVvun4FryqBmZ5KhDo0K9iDXAwn08tMLDinNdRBNPcYEDiWYysLcc6k3mjTMlbP9KyylvRpd4wFtwrT9rw==

"nitrum-hello-tests@file:/Users/matzapata/git/nitrum/nitrum/examples/hello":
  resolved "file:examples/hello"
  dependencies:
    nitrum-node "0.2.0"

nitrum-node@0.2.0, "nitrum-node@file:/Users/matzapata/git/nitrum/nitrum/packages/node":
  version "0.2.0"
  resolved "file:packages/node"

obug@^2.1.2:
  version "2.1.4"
  resolved "https://registry.npmjs.org/obug/-/obug-2.1.4.tgz"
  integrity sha512-4a+OsYv9UktOJKE+l1A4OufDgdRF9PifWj+tJnHURo/P+WOxpG4GzUFL9qCalmWauao6ogiG+QvnCovwPoyAWA==

"safer-buffer@>= 2.1.2 < 3.0.0":
  version "2.1.2"
  resolved "https://registry.npmjs.org/safer-buffer/-/safer-buffer-2.1.2.tgz"
  integrity sha512-YZo3K82SD7Riyi0E1EQPojLz7kpepnSQI9IyPbHHg1XXXevb5dJI7tpyN2ADxGcQbHG7vcyRHk0cbwqcQriUtg==

semver@^7.8.2:
  version "7.8.5"
  resolved "https://registry.npmjs.org/semver/-/semver-7.8.5.tgz"
  integrity sha512-Y7/KDsb8LjooZpwaqGyulO6DQlksgCncchHGk+sZIY4SBvUocMBEFH5Ur1fI4dV+Jvl0w6cjvucaIi40puRioA==

signal-exit@^4.1.0:
  version "4.1.0"
  resolved "https://registry.npmjs.org/signal-exit/-/signal-exit-4.1.0.tgz"
  integrity sha512-bzyZ1e88w9O1iNJbKnOlvYTrWPDl46O1bG0D3XInv+9tkPrxrN8jUUTiFlDkkmKWgn1M6CfIA13SuGqOa9Korw==

tslib@^2.4.0:
  version "2.8.1"
  resolved "https://registry.npmjs.org/tslib/-/tslib-2.8.1.tgz"
  integrity sha512-oJFu94HQb+KVduSUQL7wnpmqnfmLsOA/nAh6b6EH0wCEoK0/mPeXU6c3wKDV83MkOuHPRHtSXKKU99IBazS/2w==

typanion@^3.14.0, typanion@^3.8.0:
  version "3.14.0"
  resolved "https://registry.npmjs.org/typanion/-/typanion-3.14.0.tgz"
  integrity sha512-ZW/lVMRabETuYCd9O9ZvMhAh8GslSqaUjxmK/JLPCh6l73CvLBiuXswj/+7LdnWOgYsQ130FqLzFz5aGT4I3Ug==

typescript@^6.0.3:
  version "6.0.3"
  resolved "https://registry.npmjs.org/typescript/-/typescript-6.0.3.tgz"
  integrity sha512-y2TvuxSZPDyQakkFRPZHKFm+KKVqIisdg9/CZwm9ftvKXLP8NRWj38/ODjNbr43SsoXqNuAisEf1GdCxqWcdBw==

universal-user-agent@^7.0.0, universal-user-agent@^7.0.2:
  version "7.0.3"
  resolved "https://registry.npmjs.org/universal-user-agent/-/universal-user-agent-7.0.3.tgz"
  integrity sha512-TmnEAEAsBJVZM/AADELsK76llnwcf9vMKuPz8JflO1frO8Lchitr0fNaN9d+Ap0BjKtqWqd/J17qeDnXh8CL2A==
